{
  "name": "evay-scaffold",
  "version": "1.0.0",
  "lockfileVersion": 3,
  "requires": true,
  "packages": {
    "": {
      "name": "evay-scaffold",
      "version": "1.0.0",
      "license": "ISC",
      "dependencies": {
        "evay-scaffold-lib": "^1.0.1"
      },
      "bin": {
        "evay-scaffold": "bin/inex.js"
      }
    },
    "node_modules/evay-scaffold-lib": {
      "version": "1.0.1",
      "resolved": "https://registry.npmjs.org/evay-scaffold-lib/-/evay-scaffold-lib-1.0.1.tgz",
      "integrity": "sha512-TLkWslfCGkTw0jblzN7w78xxPM6YCaSJLGMO10g4mdWbse7+CgGglIKNaBPjWXehwWFqT05iffA4Un7tFoz5kA=="
    }
  }
}
